// !$*UTF8*$!
{
	archiveVersion = 1;
	classes = {
	};
	objectVersion = 46;
	objects = {

/* Begin PBXBuildFile section */
		3F897C991D3FDB5D0084A248 /* AppDelegate.swift in Sources */ = {isa = PBXBuildFile; fileRef = 3F897C981D3FDB5D0084A248 /* AppDelegate.swift */; };
		3F897C9D1D3FDB5D0084A248 /* AboutViewController.swift in Sources */ = {isa = PBXBuildFile; fileRef = 3F897C9C1D3FDB5D0084A248 /* AboutViewController.swift */; };
		3F897CA01D3FDB5E0084A248 /* Main.storyboard in Resources */ = {isa = PBXBuildFile; fileRef = 3F897C9E1D3FDB5E0084A248 /* Main.storyboard */; };
		3F897CA21D3FDB5F0084A248 /* Assets.xcassets in Resources */ = {isa = PBXBuildFile; fileRef = 3F897CA11D3FDB5F0084A248 /* Assets.xcassets */; };
		3F897CA51D3FDB5F0084A248 /* LaunchScreen.storyboard in Resources */ = {isa = PBXBuildFile; fileRef = 3F897CA31D3FDB5F0084A248 /* LaunchScreen.storyboard */; };
		3F897CAD1D3FDCA40084A248 /* ScheduleTableViewController.swift in Sources */ = {isa = PBXBuildFile; fileRef = 3F897CAC1D3FDCA40084A248 /* ScheduleTableViewController.swift */; };
		3F897CAF1D3FDD4E0084A248 /* ScheduleTableViewCell.swift in Sources */ = {isa = PBXBuildFile; fileRef = 3F897CAE1D3FDD4E0084A248 /* ScheduleTableViewCell.swift */; };
		3F897CB51D3FE3E50084A248 /* Station.swift in Sources */ = {isa = PBXBuildFile; fileRef = 3F897CB41D3FE3E50084A248 /* Station.swift */; };
		3F93CCC91D4686DF00C653B6 /* ScheduleToController.swift in Sources */ = {isa = PBXBuildFile; fileRef = 3F93CCC81D4686DF00C653B6 /* ScheduleToController.swift */; };
		3FD212351D45098A00DFBA3F /* Info.swift in Sources */ = {isa = PBXBuildFile; fileRef = 3FD212341D45098A00DFBA3F /* Info.swift */; };
		3FDE865F1D43B5950081D325 /* ChooseViewController.swift in Sources */ = {isa = PBXBuildFile; fileRef = 3FDE865E1D43B5950081D325 /* ChooseViewController.swift */; };
		3FDE86611D43B7DB0081D325 /* DateViewController.swift in Sources */ = {isa = PBXBuildFile; fileRef = 3FDE86601D43B7DB0081D325 /* DateViewController.swift */; };
/* End PBXBuildFile section */

/* Begin PBXFileReference section */
		3F897C951D3FDB5A0084A248 /* TUTU.app */ = {isa = PBXFileReference; explicitFileType = wrapper.application; includeInIndex = 0; path = TUTU.app; sourceTree = BUILT_PRODUCTS_DIR; };
		3F897C981D3FDB5D0084A248 /* AppDelegate.swift */ = {isa = PBXFileReference; lastKnownFileType = sourcecode.swift; path = AppDelegate.swift; sourceTree = "<group>"; };
		3F897C9C1D3FDB5D0084A248 /* AboutViewController.swift */ = {isa = PBXFileReference; lastKnownFileType = sourcecode.swift; path = AboutViewController.swift; sourceTree = "<group>"; };
		3F897C9F1D3FDB5E0084A248 /* Base */ = {isa = PBXFileReference; lastKnownFileType = file.storyboard; name = Base; path = Base.lproj/Main.storyboard; sourceTree = "<group>"; };
		3F897CA11D3FDB5F0084A248 /* Assets.xcassets */ = {isa = PBXFileReference; lastKnownFileType = folder.assetcatalog; path = Assets.xcassets; sourceTree = "<group>"; };
		3F897CA41D3FDB5F0084A248 /* Base */ = {isa = PBXFileReference; lastKnownFileType = file.storyboard; name = Base; path = Base.lproj/LaunchScreen.storyboard; sourceTree = "<group>"; };
		3F897CA61D3FDB600084A248 /* Info.plist */ = {isa = PBXFileReference; lastKnownFileType = text.plist.xml; path = Info.plist; sourceTree = "<group>"; };
		3F897CAC1D3FDCA40084A248 /* ScheduleTableViewController.swift */ = {isa = PBXFileReference; fileEncoding = 4; lastKnownFileType = sourcecode.swift; path = ScheduleTableViewController.swift; sourceTree = "<group>"; };
		3F897CAE1D3FDD4E0084A248 /* ScheduleTableViewCell.swift */ = {isa = PBXFileReference; fileEncoding = 4; lastKnownFileType = sourcecode.swift; path = ScheduleTableViewCell.swift; sourceTree = "<group>"; };
		3F897CB41D3FE3E50084A248 /* Station.swift */ = {isa = PBXFileReference; fileEncoding = 4; lastKnownFileType = sourcecode.swift; path = Station.swift; sourceTree = "<group>"; };
		3F93CCC81D4686DF00C653B6 /* ScheduleToController.swift */ = {isa = PBXFileReference; fileEncoding = 4; lastKnownFileType = sourcecode.swift; path = ScheduleToController.swift; sourceTree = "<group>"; };
		3FD212341D45098A00DFBA3F /* Info.swift */ = {isa = PBXFileReference; fileEncoding = 4; lastKnownFileType = sourcecode.swift; name = Info.swift; path = ../Info.swift; sourceTree = "<group>"; };
		3FDE865E1D43B5950081D325 /* ChooseViewController.swift */ = {isa = PBXFileReference; fileEncoding = 4; lastKnownFileType = sourcecode.swift; name = ChooseViewController.swift; path = ../ChooseViewController.swift; sourceTree = "<group>"; };
		3FDE86601D43B7DB0081D325 /* DateViewController.swift */ = {isa = PBXFileReference; fileEncoding = 4; lastKnownFileType = sourcecode.swift; path = DateViewController.swift; sourceTree = "<group>"; };
/* End PBXFileReference section */

/* Begin PBXFrameworksBuildPhase section */
		3F897C921D3FDB580084A248 /* Frameworks */ = {
			isa = PBXFrameworksBuildPhase;
			buildActionMask = 2147483647;
			files = (
			);
			runOnlyForDeploymentPostprocessing = 0;
		};
/* End PBXFrameworksBuildPhase section */

/* Begin PBXGroup section */
		3F897C8C1D3FDB570084A248 = {
			isa = PBXGroup;
			children = (
				3F897C971D3FDB5C0084A248 /* TUTU */,
				3F897C961D3FDB5A0084A248 /* Products */,
			);
			sourceTree = "<group>";
		};
		3F897C961D3FDB5A0084A248 /* Products */ = {
			isa = PBXGroup;
			children = (
				3F897C951D3FDB5A0084A248 /* TUTU.app */,
			);
			name = Products;
			sourceTree = "<group>";
		};
		3F897C971D3FDB5C0084A248 /* TUTU */ = {
			isa = PBXGroup;
			children = (
				3F897C981D3FDB5D0084A248 /* AppDelegate.swift */,
				3F897C9C1D3FDB5D0084A248 /* AboutViewController.swift */,
				3F897CAC1D3FDCA40084A248 /* ScheduleTableViewController.swift */,
				3F93CCC81D4686DF00C653B6 /* ScheduleToController.swift */,
				3FDE865E1D43B5950081D325 /* ChooseViewController.swift */,
				3FDE86601D43B7DB0081D325 /* DateViewController.swift */,
				3F897CB41D3FE3E50084A248 /* Station.swift */,
				3FD212341D45098A00DFBA3F /* Info.swift */,
				3F897CAE1D3FDD4E0084A248 /* ScheduleTableViewCell.swift */,
				3F897C9E1D3FDB5E0084A248 /* Main.storyboard */,
				3F897CA11D3FDB5F0084A248 /* Assets.xcassets */,
				3F897CA31D3FDB5F0084A248 /* LaunchScreen.storyboard */,
				3F897CA61D3FDB600084A248 /* Info.plist */,
			);
			path = TUTU;
			sourceTree = "<group>";
		};
/* End PBXGroup section */

/* Begin PBXNativeTarget section */
		3F897C941D3FDB580084A248 /* TUTU */ = {
			isa = PBXNativeTarget;
			buildConfigurationList = 3F897CA91D3FDB600084A248 /* Build configuration list for PBXNativeTarget "TUTU" */;
			buildPhases = (
				3F897C911D3FDB580084A248 /* Sources */,
				3F897C921D3FDB580084A248 /* Frameworks */,
				3F897C931D3FDB580084A248 /* Resources */,
			);
			buildRules = (
			);
			dependencies = (
			);
			name = TUTU;
			productName = TUTU;
			productReference = 3F897C951D3FDB5A0084A248 /* TUTU.app */;
			productType = "com.apple.product-type.application";
		};
/* End PBXNativeTarget section */

/* Begin PBXProject section */
		3F897C8D1D3FDB580084A248 /* Project object */ = {
			isa = PBXProject;
			attributes = {
				LastSwiftUpdateCheck = 0730;
				LastUpgradeCheck = 0730;
				ORGANIZATIONNAME = tesak1488;
				TargetAttributes = {
					3F897C941D3FDB580084A248 = {
						CreatedOnToolsVersion = 7.3.1;
						DevelopmentTeam = 448W4YMN9D;
					};
				};
			};
			buildConfigurationList = 3F897C901D3FDB580084A248 /* Build configuration list for PBXProject "TUTU" */;
			compatibilityVersion = "Xcode 3.2";
			developmentRegion = English;
			hasScannedForEncodings = 0;
			knownRegions = (
				en,
				Base,
			);
			mainGroup = 3F897C8C1D3FDB570084A248;
			productRefGroup = 3F897C961D3FDB5A0084A248 /* Products */;
			projectDirPath = "";
			projectRoot = "";
			targets = (
				3F897C941D3FDB580084A248 /* TUTU */,
			);
		};
/* End PBXProject section */

/* Begin PBXResourcesBuildPhase section */
		3F897C931D3FDB580084A248 /* Resources */ = {
			isa = PBXResourcesBuildPhase;
			buildActionMask = 2147483647;
			files = (
				3F897CA51D3FDB5F0084A248 /* LaunchScreen.storyboard in Resources */,
				3F897CA21D3FDB5F0084A248 /* Assets.xcassets in Resources */,
				3F897CA01D3FDB5E0084A248 /* Main.storyboard in Resources */,
			);
			runOnlyForDeploymentPostprocessing = 0;
		};
/* End PBXResourcesBuildPhase section */

/* Begin PBXSourcesBuildPhase section */
		3F897C911D3FDB580084A248 /* Sources */ = {
			isa = PBXSourcesBuildPhase;
			buildActionMask = 2147483647;
			files = (
				3F897CAD1D3FDCA40084A248 /* ScheduleTableViewController.swift in Sources */,
				3FD212351D45098A00DFBA3F /* Info.swift in Sources */,
				3F897C9D1D3FDB5D0084A248 /* AboutViewController.swift in Sources */,
				3FDE86611D43B7DB0081D325 /* DateViewController.swift in Sources */,
				3F897CAF1D3FDD4E0084A248 /* ScheduleTableViewCell.swift in Sources */,
				3F897C991D3FDB5D0084A248 /* AppDelegate.swift in Sources */,
				3F93CCC91D4686DF00C653B6 /* ScheduleToController.swift in Sources */,
				3F897CB51D3FE3E50084A248 /* Station.swift in Sources */,
				3FDE865F1D43B5950081D325 /* ChooseViewController.swift in Sources */,
			);
			runOnlyForDeploymentPostprocessing = 0;
		};
/* End PBXSourcesBuildPhase section */

/* Begin PBXVariantGroup section */
		3F897C9E1D3FDB5E0084A248 /* Main.storyboard */ = {
			isa = PBXVariantGroup;
			children = (
				3F897C9F1D3FDB5E0084A248 /* Base */,
			);
			name = Main.storyboard;
			sourceTree = "<group>";
		};
		3F897CA31D3FDB5F0084A248 /* LaunchScreen.storyboard */ = {
			isa = PBXVariantGroup;
			children = (
				3F897CA41D3FDB5F0084A248 /* Base */,
			);
			name = LaunchScreen.storyboard;
			sourceTree = "<group>";
		};
/* End PBXVariantGroup section */

/* Begin XCBuildConfiguration section */
		3F897CA71D3FDB600084A248 /* Debug */ = {
			isa = XCBuildConfiguration;
			buildSettings = {
				ALWAYS_SEARCH_USER_PATHS = NO;
				CLANG_ANALYZER_NONNULL = YES;
				CLANG_CXX_LANGUAGE_STANDARD = "gnu++0x";
				CLANG_CXX_LIBRARY = "libc++";
				CLANG_ENABLE_MODULES = YES;
				CLANG_ENABLE_OBJC_ARC = YES;
				CLANG_WARN_BOOL_CONVERSION = YES;
				CLANG_WARN_CONSTANT_CONVERSION = YES;
				CLANG_WARN_DIRECT_OBJC_ISA_USAGE = YES_ERROR;
				CLANG_WARN_EMPTY_BODY = YES;
				CLANG_WARN_ENUM_CONVERSION = YES;
				CLANG_WARN_INT_CONVERSION = YES;
				CLANG_WARN_OBJC_ROOT_CLASS = YES_ERROR;
				CLANG_WARN_UNREACHABLE_CODE = YES;
				CLANG_WARN__DUPLICATE_METHOD_MATCH = YES;
				"CODE_SIGN_IDENTITY[sdk=iphoneos*]" = "iPhone Developer";
				COPY_PHASE_STRIP = NO;
				DEBUG_INFORMATION_FORMAT = dwarf;
				ENABLE_STRICT_OBJC_MSGSEND = YES;
				ENABLE_TESTABILITY = YES;
				GCC_C_LANGUAGE_STANDARD = gnu99;
				GCC_DYNAMIC_NO_PIC = NO;
				GCC_NO_COMMON_BLOCKS = YES;
				GCC_OPTIMIZATION_LEVEL = 0;
				GCC_PREPROCESSOR_DEFINITIONS = (
					"DEBUG=1",
					"$(inherited)",
				);
				GCC_WARN_64_TO_32_BIT_CONVERSION = YES;
				GCC_WARN_ABOUT_RETURN_TYPE = YES_ERROR;
				GCC_WARN_UNDECLARED_SELECTOR = YES;
				GCC_WARN_UNINITIALIZED_AUTOS = YES_AGGRESSIVE;
				GCC_WARN_UNUSED_FUNCTION = YES;
				GCC_WARN_UNUSED_VARIABLE = YES;
				IPHONEOS_DEPLOYMENT_TARGET = 9.3;
				MTL_ENABLE_DEBUG_INFO = YES;
				ONLY_ACTIVE_ARCH = YES;
				SDKROOT = iphoneos;
				SWIFT_OPTIMIZATION_LEVEL = "-Onone";
			};
			name = Debug;
		};
		3F897CA81D3FDB600084A248 /* Release */ = {
			isa = XCBuildConfiguration;
			buildSettings = {
				ALWAYS_SEARCH_USER_PATHS = NO;
				CLANG_ANALYZER_NONNULL = YES;
				CLANG_CXX_LANGUAGE_STANDARD = "gnu++0x";
				CLANG_CXX_LIBRARY = "libc++";
				CLANG_ENABLE_MODULES = YES;
				CLANG_ENABLE_OBJC_ARC = YES;
				CLANG_WARN_BOOL_CONVERSION = YES;
				CLANG_WARN_CONSTANT_CONVERSION = YES;
				CLANG_WARN_DIRECT_OBJC_ISA_USAGE = YES_ERROR;
				CLANG_WARN_EMPTY_BODY = YES;
				CLANG_WARN_ENUM_CONVERSION = YES;
				CLANG_WARN_INT_CONVERSION = YES;
				CLANG_WARN_OBJC_ROOT_CLASS = YES_ERROR;
				CLANG_WARN_UNREACHABLE_CODE = YES;
				CLANG_WARN__DUPLICATE_METHOD_MATCH = YES;
				"CODE_SIGN_IDENTITY[sdk=iphoneos*]" = "iPhone Developer";
				COPY_PHASE_STRIP = NO;
				DEBUG_INFORMATION_FORMAT = "dwarf-with-dsym";
				ENABLE_NS_ASSERTIONS = NO;
				ENABLE_STRICT_OBJC_MSGSEND = YES;
				GCC_C_LANGUAGE_STANDARD = gnu99;
				GCC_NO_COMMON_BLOCKS = YES;
				GCC_WARN_64_TO_32_BIT_CONVERSION = YES;
				GCC_WARN_ABOUT_RETURN_TYPE = YES_ERROR;
				GCC_WARN_UNDECLARED_SELECTOR = YES;
				GCC_WARN_UNINITIALIZED_AUTOS = YES_AGGRESSIVE;
				GCC_WARN_UNUSED_FUNCTION = YES;
				GCC_WARN_UNUSED_VARIABLE = YES;
				IPHONEOS_DEPLOYMENT_TARGET = 9.3;
				MTL_ENABLE_DEBUG_INFO = NO;
				SDKROOT = iphoneos;
				VALIDATE_PRODUCT = YES;
			};
			name = Release;
		};
		3F897CAA1D3FDB600084A248 /* Debug */ = {
			isa = XCBuildConfiguration;
			buildSettings = {
				ASSETCATALOG_COMPILER_APPICON_NAME = AppIcon;
				INFOPLIST_FILE = TUTU/Info.plist;
				IPHONEOS_DEPLOYMENT_TARGET = 9.0;
				LD_RUNPATH_SEARCH_PATHS = "$(inherited) @executable_path/Frameworks";
				PRODUCT_BUNDLE_IDENTIFIER = aaa.TUTU;
				PRODUCT_NAME = "$(TARGET_NAME)";
			};
			name = Debug;
		};
		3F897CAB1D3FDB600084A248 /* Release */ = {
			isa = XCBuildConfiguration;
			buildSettings = {
				ASSETCATALOG_COMPILER_APPICON_NAME = AppIcon;
				INFOPLIST_FILE = TUTU/Info.plist;
				IPHONEOS_DEPLOYMENT_TARGET = 9.0;
				LD_RUNPATH_SEARCH_PATHS = "$(inherited) @executable_path/Frameworks";
				PRODUCT_BUNDLE_IDENTIFIER = aaa.TUTU;
				PRODUCT_NAME = "$(TARGET_NAME)";
			};
			name = Release;
		};
/* End XCBuildConfiguration section */

/* Begin XCConfigurationList section */
		3F897C901D3FDB580084A248 /* Build configuration list for PBXProject "TUTU" */ = {
			isa = XCConfigurationList;
			buildConfigurations = (
				3F897CA71D3FDB600084A248 /* Debug */,
				3F897CA81D3FDB600084A248 /* Release */,
			);
			defaultConfigurationIsVisible = 0;
			defaultConfigurationName = Release;
		};
		3F897CA91D3FDB600084A248 /* Build configuration list for PBXNativeTarget "TUTU" */ = {
			isa = XCConfigurationList;
			buildConfigurations = (
				3F897CAA1D3FDB600084A248 /* Debug */,
				3F897CAB1D3FDB600084A248 /* Release */,
			);
			defaultConfigurationIsVisible = 0;
			defaultConfigurationName = Release;
		};
/* End XCConfigurationList section */
	};
	rootObject = 3F897C8D1D3FDB580084A248 /* Project object */;
}
